
Microsoft Visual Studio Solution File, Format Version 12.00
# Visual Studio 2012
Project("{FAE04EC0-301F-11D3-BF4B-00C04F79EFBC}") = "CascadeDropdownLists", "CascadeDropdownLists\CascadeDropdownLists.csproj", "{6C331E60-5A6F-46BF-A66B-8738E8AA656E}"
EndProject
Global
	GlobalSection(SolutionConfigurationPlatforms) = preSolution
		Debug|Any CPU = Debug|Any CPU
		Release|Any CPU = Release|Any CPU
	EndGlobalSection
	GlobalSection(ProjectConfigurationPlatforms) = postSolution
		{6C331E60-5A6F-46BF-A66B-8738E8AA656E}.Debug|Any CPU.ActiveCfg = Debug|Any CPU
		{6C331E60-5A6F-46BF-A66B-8738E8AA656E}.Debug|Any CPU.Build.0 = Debug|Any CPU
		{6C331E60-5A6F-46BF-A66B-8738E8AA656E}.Release|Any CPU.ActiveCfg = Release|Any CPU
		{6C331E60-5A6F-46BF-A66B-8738E8AA656E}.Release|Any CPU.Build.0 = Release|Any CPU
	EndGlobalSection
	GlobalSection(SolutionProperties) = preSolution
		HideSolutionNode = FALSE
	EndGlobalSection
EndGlobal
